
Microsoft Visual Studio Solution File, Format Version 12.00
# Visual Studio Version 16
VisualStudioVersion = 16.0.29009.5
MinimumVisualStudioVersion = 10.0.40219.1
Project("{2150E333-8FDC-42A3-9474-1A3956D46DE8}") = "1 - Presentation", "1 - Presentation", "{B57E2424-0980-4722-ADC8-276C73B6D10B}"
EndProject
Project("{2150E333-8FDC-42A3-9474-1A3956D46DE8}") = "2 - Services", "2 - Services", "{F347C695-9E19-43F7-8FEA-9EC5C016D65B}"
EndProject
Project("{2150E333-8FDC-42A3-9474-1A3956D46DE8}") = "3 - Application", "3 - Application", "{0398EE70-B9B4-465B-A4AE-302F88F3408C}"
EndProject
Project("{2150E333-8FDC-42A3-9474-1A3956D46DE8}") = "4 - Domain", "4 - Domain", "{45E57F6C-09FA-46A9-ACF5-BC3683791773}"
EndProject
Project("{2150E333-8FDC-42A3-9474-1A3956D46DE8}") = "5 - Infra", "5 - Infra", "{F62018C8-5AB6-4E29-A064-B751779230AC}"
EndProject
Project("{2150E333-8FDC-42A3-9474-1A3956D46DE8}") = "5.1 - Data", "5.1 - Data", "{C67976D2-59AE-4EF0-84C5-DD67B8AC3F5B}"
EndProject
Project("{2150E333-8FDC-42A3-9474-1A3956D46DE8}") = "5.2 - CrossCutting", "5.2 - CrossCutting", "{8B87A16F-F0DA-4BC8-8BD9-58CC8CA18FA1}"
EndProject
Project("{2150E333-8FDC-42A3-9474-1A3956D46DE8}") = "6 - Testes", "6 - Testes", "{DACFE96C-62D0-465C-ABAB-6F76F6EA7E86}"
EndProject
Project("{FAE04EC0-301F-11D3-BF4B-00C04F79EFBC}") = "EP.CursoMVC.Domain", "EP.CursoMVC.Domain\EP.CursoMVC.Domain.csproj", "{CFAB7FC7-5B94-4F61-ACBF-B8811F5E8830}"
EndProject
Project("{FAE04EC0-301F-11D3-BF4B-00C04F79EFBC}") = "EP.CursoMVC.Infra.Data", "EP.CursoMVC.Infra.Data\EP.CursoMVC.Infra.Data.csproj", "{1D891310-BA80-44E3-B00E-FBEE03772DCF}"
EndProject
Project("{FAE04EC0-301F-11D3-BF4B-00C04F79EFBC}") = "EP.CursoMVC.Application", "EP.CursoMVC.Application\EP.CursoMVC.Application.csproj", "{2B25FFD7-C503-42BC-A00C-4BFDA7FBBDB2}"
EndProject
Project("{FAE04EC0-301F-11D3-BF4B-00C04F79EFBC}") = "EP.CursoMVC.UI.Site", "EP.CursoMVC.UI.Site\EP.CursoMVC.UI.Site.csproj", "{DF4F2440-03F2-46F8-BE21-5A439744C3F2}"
EndProject
Project("{FAE04EC0-301F-11D3-BF4B-00C04F79EFBC}") = "EP.CursoMVC.Infra.CrossCutting.Filters", "EP.CursoMVC.Infra.CrossCutting.Filters\EP.CursoMVC.Infra.CrossCutting.Filters.csproj", "{5BBF4333-C7E1-4FA4-96B7-82F99AE32276}"
EndProject
Project("{FAE04EC0-301F-11D3-BF4B-00C04F79EFBC}") = "EP.CursoMVC.Infra.CrossCutting.IoC", "EP.CursoMVC.Infra.CrossCutting.IoC\EP.CursoMVC.Infra.CrossCutting.IoC.csproj", "{CC854710-CB26-4ACE-8297-5212AFC6637B}"
EndProject
Project("{FAE04EC0-301F-11D3-BF4B-00C04F79EFBC}") = "EP.CursoMVC.REST.ClienteAPI", "EP.CursoMVC.REST.ClienteAPI\EP.CursoMVC.REST.ClienteAPI.csproj", "{BD2C11C9-1661-4A53-AB36-867EEF3DC6F0}"
EndProject
Global
	GlobalSection(SolutionConfigurationPlatforms) = preSolution
		Debug|Any CPU = Debug|Any CPU
		Release|Any CPU = Release|Any CPU
	EndGlobalSection
	GlobalSection(ProjectConfigurationPlatforms) = postSolution
		{CFAB7FC7-5B94-4F61-ACBF-B8811F5E8830}.Debug|Any CPU.ActiveCfg = Debug|Any CPU
		{CFAB7FC7-5B94-4F61-ACBF-B8811F5E8830}.Debug|Any CPU.Build.0 = Debug|Any CPU
		{CFAB7FC7-5B94-4F61-ACBF-B8811F5E8830}.Release|Any CPU.ActiveCfg = Release|Any CPU
		{CFAB7FC7-5B94-4F61-ACBF-B8811F5E8830}.Release|Any CPU.Build.0 = Release|Any CPU
		{1D891310-BA80-44E3-B00E-FBEE03772DCF}.Debug|Any CPU.ActiveCfg = Debug|Any CPU
		{1D891310-BA80-44E3-B00E-FBEE03772DCF}.Debug|Any CPU.Build.0 = Debug|Any CPU
		{1D891310-BA80-44E3-B00E-FBEE03772DCF}.Release|Any CPU.ActiveCfg = Release|Any CPU
		{1D891310-BA80-44E3-B00E-FBEE03772DCF}.Release|Any CPU.Build.0 = Release|Any CPU
		{2B25FFD7-C503-42BC-A00C-4BFDA7FBBDB2}.Debug|Any CPU.ActiveCfg = Debug|Any CPU
		{2B25FFD7-C503-42BC-A00C-4BFDA7FBBDB2}.Debug|Any CPU.Build.0 = Debug|Any CPU
		{2B25FFD7-C503-42BC-A00C-4BFDA7FBBDB2}.Release|Any CPU.ActiveCfg = Release|Any CPU
		{2B25FFD7-C503-42BC-A00C-4BFDA7FBBDB2}.Release|Any CPU.Build.0 = Release|Any CPU
		{DF4F2440-03F2-46F8-BE21-5A439744C3F2}.Debug|Any CPU.ActiveCfg = Debug|Any CPU
		{DF4F2440-03F2-46F8-BE21-5A439744C3F2}.Debug|Any CPU.Build.0 = Debug|Any CPU
		{DF4F2440-03F2-46F8-BE21-5A439744C3F2}.Release|Any CPU.ActiveCfg = Release|Any CPU
		{DF4F2440-03F2-46F8-BE21-5A439744C3F2}.Release|Any CPU.Build.0 = Release|Any CPU
		{5BBF4333-C7E1-4FA4-96B7-82F99AE32276}.Debug|Any CPU.ActiveCfg = Debug|Any CPU
		{5BBF4333-C7E1-4FA4-96B7-82F99AE32276}.Debug|Any CPU.Build.0 = Debug|Any CPU
		{5BBF4333-C7E1-4FA4-96B7-82F99AE32276}.Release|Any CPU.ActiveCfg = Release|Any CPU
		{5BBF4333-C7E1-4FA4-96B7-82F99AE32276}.Release|Any CPU.Build.0 = Release|Any CPU
		{CC854710-CB26-4ACE-8297-5212AFC6637B}.Debug|Any CPU.ActiveCfg = Debug|Any CPU
		{CC854710-CB26-4ACE-8297-5212AFC6637B}.Debug|Any CPU.Build.0 = Debug|Any CPU
		{CC854710-CB26-4ACE-8297-5212AFC6637B}.Release|Any CPU.ActiveCfg = Release|Any CPU
		{CC854710-CB26-4ACE-8297-5212AFC6637B}.Release|Any CPU.Build.0 = Release|Any CPU
		{BD2C11C9-1661-4A53-AB36-867EEF3DC6F0}.Debug|Any CPU.ActiveCfg = Debug|Any CPU
		{BD2C11C9-1661-4A53-AB36-867EEF3DC6F0}.Debug|Any CPU.Build.0 = Debug|Any CPU
		{BD2C11C9-1661-4A53-AB36-867EEF3DC6F0}.Release|Any CPU.ActiveCfg = Release|Any CPU
		{BD2C11C9-1661-4A53-AB36-867EEF3DC6F0}.Release|Any CPU.Build.0 = Release|Any CPU
	EndGlobalSection
	GlobalSection(SolutionProperties) = preSolution
		HideSolutionNode = FALSE
	EndGlobalSection
	GlobalSection(NestedProjects) = preSolution
		{C67976D2-59AE-4EF0-84C5-DD67B8AC3F5B} = {F62018C8-5AB6-4E29-A064-B751779230AC}
		{8B87A16F-F0DA-4BC8-8BD9-58CC8CA18FA1} = {F62018C8-5AB6-4E29-A064-B751779230AC}
		{CFAB7FC7-5B94-4F61-ACBF-B8811F5E8830} = {45E57F6C-09FA-46A9-ACF5-BC3683791773}
		{1D891310-BA80-44E3-B00E-FBEE03772DCF} = {C67976D2-59AE-4EF0-84C5-DD67B8AC3F5B}
		{2B25FFD7-C503-42BC-A00C-4BFDA7FBBDB2} = {0398EE70-B9B4-465B-A4AE-302F88F3408C}
		{DF4F2440-03F2-46F8-BE21-5A439744C3F2} = {B57E2424-0980-4722-ADC8-276C73B6D10B}
		{5BBF4333-C7E1-4FA4-96B7-82F99AE32276} = {8B87A16F-F0DA-4BC8-8BD9-58CC8CA18FA1}
		{CC854710-CB26-4ACE-8297-5212AFC6637B} = {8B87A16F-F0DA-4BC8-8BD9-58CC8CA18FA1}
		{BD2C11C9-1661-4A53-AB36-867EEF3DC6F0} = {F347C695-9E19-43F7-8FEA-9EC5C016D65B}
	EndGlobalSection
	GlobalSection(ExtensibilityGlobals) = postSolution
		SolutionGuid = {39D0A5EF-5D2F-48F7-B940-DD6ED726A140}
	EndGlobalSection
EndGlobal
